<Solution>
  <Folder Name="/Solution Items/">
    <File Path="ComboBox.txt" />
    <File Path="DBConfig.txt" />
    <File Path="Gridview.txt" />
    <File Path="NotifyIcon.txt" />
    <File Path="TextFile1.txt" />
  </Folder>
  <Project Path="SCBAlogger/SCBAlogger.csproj" />
  <Project Path="TempScaffold/TempScaffold/TempScaffold.csproj" />
</Solution>
